PODS:
  - ATDevLibs (1.0.5):
    - ATDevLibs/AuthorizeRequestLib (= 1.0.5)
    - ATDevLibs/FoundationKitLib (= 1.0.5)
    - ATDevLibs/PPCounter (= 1.0.5)
    - ATDevLibs/ShareLib (= 1.0.5)
    - ATDevLibs/UIKitLib (= 1.0.5)
  - ATDevLibs/AuthorizeRequestLib (1.0.5)
  - ATDevLibs/FoundationKitLib (1.0.5)
  - ATDevLibs/PPCounter (1.0.5)
  - ATDevLibs/ShareLib (1.0.5)
  - ATDevLibs/UIKitLib (1.0.5)

DEPENDENCIES:
  - ATDevLibs (from `../`)

EXTERNAL SOURCES:
  ATDevLibs:
    :path: "../"

SPEC CHECKSUMS:
  ATDevLibs: 34f521415f28b2d5fb5220144d256771ee16e1c8

PODFILE CHECKSUM: bcc4e53bef77d8bb98cacf7b26070a64cf3382c2

COCOAPODS: 1.17.0
