PODS:
  - ATDevLibs (1.0.4):
    - ATDevLibs/AuthorizeRequestLib (= 1.0.4)
    - ATDevLibs/FoundationKitLib (= 1.0.4)
    - ATDevLibs/PPCounter (= 1.0.4)
    - ATDevLibs/ShareLib (= 1.0.4)
    - ATDevLibs/UIKitLib (= 1.0.4)
  - ATDevLibs/AuthorizeRequestLib (1.0.4)
  - ATDevLibs/FoundationKitLib (1.0.4)
  - ATDevLibs/PPCounter (1.0.4)
  - ATDevLibs/ShareLib (1.0.4)
  - ATDevLibs/UIKitLib (1.0.4)

DEPENDENCIES:
  - ATDevLibs (from `../`)

EXTERNAL SOURCES:
  ATDevLibs:
    :path: "../"

SPEC CHECKSUMS:
  ATDevLibs: 38632ffa6195fb39cd1fd9eb901ab76c2615a23a

PODFILE CHECKSUM: bcc4e53bef77d8bb98cacf7b26070a64cf3382c2

COCOAPODS: 1.16.2
